
Microsoft Visual Studio Solution File, Format Version 12.00
# Visual Studio 15
VisualStudioVersion = 15.0.28307.645
MinimumVisualStudioVersion = 10.0.40219.1
Project("{8BC9CEB8-8B4A-11D0-8D11-00A0C91BC942}") = "EasyTcpServer", "WebProgram\WebProgram.vcxproj", "{874CD876-8885-4897-B3A4-9AC54BC53E22}"
EndProject
Project("{8BC9CEB8-8B4A-11D0-8D11-00A0C91BC942}") = "EasyTCPClient", "EasyTCPClient\EasyTCPClient.vcxproj", "{8FBB11B8-261A-4C1D-952C-0D5D14363D11}"
EndProject
Global
	GlobalSection(SolutionConfigurationPlatforms) = preSolution
		Debug|x64 = Debug|x64
		Debug|x86 = Debug|x86
		Release|x64 = Release|x64
		Release|x86 = Release|x86
	EndGlobalSection
	GlobalSection(ProjectConfigurationPlatforms) = postSolution
		{874CD876-8885-4897-B3A4-9AC54BC53E22}.Debug|x64.ActiveCfg = Debug|x64
		{874CD876-8885-4897-B3A4-9AC54BC53E22}.Debug|x64.Build.0 = Debug|x64
		{874CD876-8885-4897-B3A4-9AC54BC53E22}.Debug|x86.ActiveCfg = Debug|Win32
		{874CD876-8885-4897-B3A4-9AC54BC53E22}.Debug|x86.Build.0 = Debug|Win32
		{874CD876-8885-4897-B3A4-9AC54BC53E22}.Release|x64.ActiveCfg = Release|x64
		{874CD876-8885-4897-B3A4-9AC54BC53E22}.Release|x64.Build.0 = Release|x64
		{874CD876-8885-4897-B3A4-9AC54BC53E22}.Release|x86.ActiveCfg = Release|Win32
		{874CD876-8885-4897-B3A4-9AC54BC53E22}.Release|x86.Build.0 = Release|Win32
		{8FBB11B8-261A-4C1D-952C-0D5D14363D11}.Debug|x64.ActiveCfg = Debug|x64
		{8FBB11B8-261A-4C1D-952C-0D5D14363D11}.Debug|x64.Build.0 = Debug|x64
		{8FBB11B8-261A-4C1D-952C-0D5D14363D11}.Debug|x86.ActiveCfg = Debug|Win32
		{8FBB11B8-261A-4C1D-952C-0D5D14363D11}.Debug|x86.Build.0 = Debug|Win32
		{8FBB11B8-261A-4C1D-952C-0D5D14363D11}.Release|x64.ActiveCfg = Release|x64
		{8FBB11B8-261A-4C1D-952C-0D5D14363D11}.Release|x64.Build.0 = Release|x64
		{8FBB11B8-261A-4C1D-952C-0D5D14363D11}.Release|x86.ActiveCfg = Release|Win32
		{8FBB11B8-261A-4C1D-952C-0D5D14363D11}.Release|x86.Build.0 = Release|Win32
	EndGlobalSection
	GlobalSection(SolutionProperties) = preSolution
		HideSolutionNode = FALSE
	EndGlobalSection
	GlobalSection(ExtensibilityGlobals) = postSolution
		SolutionGuid = {7FD54B24-4856-4F98-88AB-DE3E5A01C92B}
	EndGlobalSection
EndGlobal
